// !$*UTF8*$!
{
	archiveVersion = 1;
	classes = {
	};
	objectVersion = 46;
	objects = {

/* Begin PBXBuildFile section */
		023A0DD019C6B08900A8C553 /* SettingsViewController.swift in Sources */ = {isa = PBXBuildFile; fileRef = 023A0DCF19C6B08900A8C553 /* SettingsViewController.swift */; };
		023A0DD819C6C0C800A8C553 /* PhotosExistingViewController.swift in Sources */ = {isa = PBXBuildFile; fileRef = 023A0DD719C6C0C800A8C553 /* PhotosExistingViewController.swift */; };
		024C976319C7D75C00FDE286 /* SignIn-1ViewController.swift in Sources */ = {isa = PBXBuildFile; fileRef = 024C976219C7D75C00FDE286 /* SignIn-1ViewController.swift */; };
		024C976519C7D8FA00FDE286 /* SignIn-2ViewController.swift in Sources */ = {isa = PBXBuildFile; fileRef = 024C976419C7D8FA00FDE286 /* SignIn-2ViewController.swift */; };
		024C976719C7D94500FDE286 /* SignIn-3ViewController.swift in Sources */ = {isa = PBXBuildFile; fileRef = 024C976619C7D94500FDE286 /* SignIn-3ViewController.swift */; };
		024E337619C55A09000AA930 /* AppDelegate.swift in Sources */ = {isa = PBXBuildFile; fileRef = 024E337519C55A09000AA930 /* AppDelegate.swift */; };
		024E337819C55A09000AA930 /* ViewController.swift in Sources */ = {isa = PBXBuildFile; fileRef = 024E337719C55A09000AA930 /* ViewController.swift */; };
		024E337B19C55A09000AA930 /* Main.storyboard in Resources */ = {isa = PBXBuildFile; fileRef = 024E337919C55A09000AA930 /* Main.storyboard */; };
		024E338019C55A09000AA930 /* LaunchScreen.xib in Resources */ = {isa = PBXBuildFile; fileRef = 024E337E19C55A09000AA930 /* LaunchScreen.xib */; };
		024E338C19C55A0A000AA930 /* Dropbox_Log_in_FlowTests.swift in Sources */ = {isa = PBXBuildFile; fileRef = 024E338B19C55A0A000AA930 /* Dropbox_Log_in_FlowTests.swift */; };
		024E339619C55EA3000AA930 /* Intro2ViewController.swift in Sources */ = {isa = PBXBuildFile; fileRef = 024E339519C55EA3000AA930 /* Intro2ViewController.swift */; };
		024E339819C55EDF000AA930 /* Intro3ViewController.swift in Sources */ = {isa = PBXBuildFile; fileRef = 024E339719C55EDF000AA930 /* Intro3ViewController.swift */; };
		024E339A19C57996000AA930 /* SignUpCTAViewController.swift in Sources */ = {isa = PBXBuildFile; fileRef = 024E339919C57996000AA930 /* SignUpCTAViewController.swift */; };
		028F2DD719C68BA200962860 /* TermsViewController.swift in Sources */ = {isa = PBXBuildFile; fileRef = 028F2DD619C68BA200962860 /* TermsViewController.swift */; };
		02A1EB1719C7CBF90030CACD /* Images.xcassets in Resources */ = {isa = PBXBuildFile; fileRef = 02A1EB1619C7CBF90030CACD /* Images.xcassets */; };
/* End PBXBuildFile section */

/* Begin PBXContainerItemProxy section */
		024E338619C55A0A000AA930 /* PBXContainerItemProxy */ = {
			isa = PBXContainerItemProxy;
			containerPortal = 024E336819C55A09000AA930 /* Project object */;
			proxyType = 1;
			remoteGlobalIDString = 024E336F19C55A09000AA930;
			remoteInfo = "Dropbox Log-in Flow";
		};
/* End PBXContainerItemProxy section */

/* Begin PBXFileReference section */
		023A0DCF19C6B08900A8C553 /* SettingsViewController.swift */ = {isa = PBXFileReference; fileEncoding = 4; lastKnownFileType = sourcecode.swift; path = SettingsViewController.swift; sourceTree = "<group>"; };
		023A0DD719C6C0C800A8C553 /* PhotosExistingViewController.swift */ = {isa = PBXFileReference; fileEncoding = 4; lastKnownFileType = sourcecode.swift; path = PhotosExistingViewController.swift; sourceTree = "<group>"; };
		024C976219C7D75C00FDE286 /* SignIn-1ViewController.swift */ = {isa = PBXFileReference; fileEncoding = 4; lastKnownFileType = sourcecode.swift; path = "SignIn-1ViewController.swift"; sourceTree = "<group>"; };
		024C976419C7D8FA00FDE286 /* SignIn-2ViewController.swift */ = {isa = PBXFileReference; fileEncoding = 4; lastKnownFileType = sourcecode.swift; path = "SignIn-2ViewController.swift"; sourceTree = "<group>"; };
		024C976619C7D94500FDE286 /* SignIn-3ViewController.swift */ = {isa = PBXFileReference; fileEncoding = 4; lastKnownFileType = sourcecode.swift; path = "SignIn-3ViewController.swift"; sourceTree = "<group>"; };
		024E337019C55A09000AA930 /* Dropbox Log-in Flow.app */ = {isa = PBXFileReference; explicitFileType = wrapper.application; includeInIndex = 0; path = "Dropbox Log-in Flow.app"; sourceTree = BUILT_PRODUCTS_DIR; };
		024E337419C55A09000AA930 /* Info.plist */ = {isa = PBXFileReference; lastKnownFileType = text.plist.xml; path = Info.plist; sourceTree = "<group>"; };
		024E337519C55A09000AA930 /* AppDelegate.swift */ = {isa = PBXFileReference; lastKnownFileType = sourcecode.swift; path = AppDelegate.swift; sourceTree = "<group>"; };
		024E337719C55A09000AA930 /* ViewController.swift */ = {isa = PBXFileReference; lastKnownFileType = sourcecode.swift; path = ViewController.swift; sourceTree = "<group>"; };
		024E337A19C55A09000AA930 /* Base */ = {isa = PBXFileReference; lastKnownFileType = file.storyboard; name = Base; path = Base.lproj/Main.storyboard; sourceTree = "<group>"; };
		024E337F19C55A09000AA930 /* Base */ = {isa = PBXFileReference; lastKnownFileType = file.xib; name = Base; path = Base.lproj/LaunchScreen.xib; sourceTree = "<group>"; };
		024E338519C55A0A000AA930 /* Dropbox Log-in FlowTests.xctest */ = {isa = PBXFileReference; explicitFileType = wrapper.cfbundle; includeInIndex = 0; path = "Dropbox Log-in FlowTests.xctest"; sourceTree = BUILT_PRODUCTS_DIR; };
		024E338A19C55A0A000AA930 /* Info.plist */ = {isa = PBXFileReference; lastKnownFileType = text.plist.xml; path = Info.plist; sourceTree = "<group>"; };
		024E338B19C55A0A000AA930 /* Dropbox_Log_in_FlowTests.swift */ = {isa = PBXFileReference; lastKnownFileType = sourcecode.swift; path = Dropbox_Log_in_FlowTests.swift; sourceTree = "<group>"; };
		024E339519C55EA3000AA930 /* Intro2ViewController.swift */ = {isa = PBXFileReference; fileEncoding = 4; lastKnownFileType = sourcecode.swift; path = Intro2ViewController.swift; sourceTree = "<group>"; };
		024E339719C55EDF000AA930 /* Intro3ViewController.swift */ = {isa = PBXFileReference; fileEncoding = 4; lastKnownFileType = sourcecode.swift; path = Intro3ViewController.swift; sourceTree = "<group>"; };
		024E339919C57996000AA930 /* SignUpCTAViewController.swift */ = {isa = PBXFileReference; fileEncoding = 4; lastKnownFileType = sourcecode.swift; path = SignUpCTAViewController.swift; sourceTree = "<group>"; };
		028F2DD619C68BA200962860 /* TermsViewController.swift */ = {isa = PBXFileReference; fileEncoding = 4; lastKnownFileType = sourcecode.swift; path = TermsViewController.swift; sourceTree = "<group>"; };
		02A1EB1619C7CBF90030CACD /* Images.xcassets */ = {isa = PBXFileReference; lastKnownFileType = folder.assetcatalog; name = Images.xcassets; path = ../Images.xcassets; sourceTree = "<group>"; };
/* End PBXFileReference section */

/* Begin PBXFrameworksBuildPhase section */
		024E336D19C55A09000AA930 /* Frameworks */ = {
			isa = PBXFrameworksBuildPhase;
			buildActionMask = 2147483647;
			files = (
			);
			runOnlyForDeploymentPostprocessing = 0;
		};
		024E338219C55A0A000AA930 /* Frameworks */ = {
			isa = PBXFrameworksBuildPhase;
			buildActionMask = 2147483647;
			files = (
			);
			runOnlyForDeploymentPostprocessing = 0;
		};
/* End PBXFrameworksBuildPhase section */

/* Begin PBXGroup section */
		024E336719C55A09000AA930 = {
			isa = PBXGroup;
			children = (
				024E337219C55A09000AA930 /* Dropbox Log-in Flow */,
				024E338819C55A0A000AA930 /* Dropbox Log-in FlowTests */,
				024E337119C55A09000AA930 /* Products */,
			);
			sourceTree = "<group>";
		};
		024E337119C55A09000AA930 /* Products */ = {
			isa = PBXGroup;
			children = (
				024E337019C55A09000AA930 /* Dropbox Log-in Flow.app */,
				024E338519C55A0A000AA930 /* Dropbox Log-in FlowTests.xctest */,
			);
			name = Products;
			sourceTree = "<group>";
		};
		024E337219C55A09000AA930 /* Dropbox Log-in Flow */ = {
			isa = PBXGroup;
			children = (
				024C976219C7D75C00FDE286 /* SignIn-1ViewController.swift */,
				024E337519C55A09000AA930 /* AppDelegate.swift */,
				024E337719C55A09000AA930 /* ViewController.swift */,
				024E337919C55A09000AA930 /* Main.storyboard */,
				024C976619C7D94500FDE286 /* SignIn-3ViewController.swift */,
				024C976419C7D8FA00FDE286 /* SignIn-2ViewController.swift */,
				023A0DD719C6C0C800A8C553 /* PhotosExistingViewController.swift */,
				023A0DCF19C6B08900A8C553 /* SettingsViewController.swift */,
				028F2DD619C68BA200962860 /* TermsViewController.swift */,
				024E339919C57996000AA930 /* SignUpCTAViewController.swift */,
				024E339719C55EDF000AA930 /* Intro3ViewController.swift */,
				024E339519C55EA3000AA930 /* Intro2ViewController.swift */,
				02A1EB1619C7CBF90030CACD /* Images.xcassets */,
				024E337E19C55A09000AA930 /* LaunchScreen.xib */,
				024E337319C55A09000AA930 /* Supporting Files */,
			);
			path = "Dropbox Log-in Flow";
			sourceTree = "<group>";
		};
		024E337319C55A09000AA930 /* Supporting Files */ = {
			isa = PBXGroup;
			children = (
				024E337419C55A09000AA930 /* Info.plist */,
			);
			name = "Supporting Files";
			sourceTree = "<group>";
		};
		024E338819C55A0A000AA930 /* Dropbox Log-in FlowTests */ = {
			isa = PBXGroup;
			children = (
				024E338B19C55A0A000AA930 /* Dropbox_Log_in_FlowTests.swift */,
				024E338919C55A0A000AA930 /* Supporting Files */,
			);
			path = "Dropbox Log-in FlowTests";
			sourceTree = "<group>";
		};
		024E338919C55A0A000AA930 /* Supporting Files */ = {
			isa = PBXGroup;
			children = (
				024E338A19C55A0A000AA930 /* Info.plist */,
			);
			name = "Supporting Files";
			sourceTree = "<group>";
		};
/* End PBXGroup section */

/* Begin PBXNativeTarget section */
		024E336F19C55A09000AA930 /* Dropbox Log-in Flow */ = {
			isa = PBXNativeTarget;
			buildConfigurationList = 024E338F19C55A0A000AA930 /* Build configuration list for PBXNativeTarget "Dropbox Log-in Flow" */;
			buildPhases = (
				024E336C19C55A09000AA930 /* Sources */,
				024E336D19C55A09000AA930 /* Frameworks */,
				024E336E19C55A09000AA930 /* Resources */,
			);
			buildRules = (
			);
			dependencies = (
			);
			name = "Dropbox Log-in Flow";
			productName = "Dropbox Log-in Flow";
			productReference = 024E337019C55A09000AA930 /* Dropbox Log-in Flow.app */;
			productType = "com.apple.product-type.application";
		};
		024E338419C55A0A000AA930 /* Dropbox Log-in FlowTests */ = {
			isa = PBXNativeTarget;
			buildConfigurationList = 024E339219C55A0A000AA930 /* Build configuration list for PBXNativeTarget "Dropbox Log-in FlowTests" */;
			buildPhases = (
				024E338119C55A0A000AA930 /* Sources */,
				024E338219C55A0A000AA930 /* Frameworks */,
				024E338319C55A0A000AA930 /* Resources */,
			);
			buildRules = (
			);
			dependencies = (
				024E338719C55A0A000AA930 /* PBXTargetDependency */,
			);
			name = "Dropbox Log-in FlowTests";
			productName = "Dropbox Log-in FlowTests";
			productReference = 024E338519C55A0A000AA930 /* Dropbox Log-in FlowTests.xctest */;
			productType = "com.apple.product-type.bundle.unit-test";
		};
/* End PBXNativeTarget section */

/* Begin PBXProject section */
		024E336819C55A09000AA930 /* Project object */ = {
			isa = PBXProject;
			attributes = {
				LastUpgradeCheck = 0600;
				ORGANIZATIONNAME = "Sara Menefee";
				TargetAttributes = {
					024E336F19C55A09000AA930 = {
						CreatedOnToolsVersion = 6.0;
					};
					024E338419C55A0A000AA930 = {
						CreatedOnToolsVersion = 6.0;
						TestTargetID = 024E336F19C55A09000AA930;
					};
				};
			};
			buildConfigurationList = 024E336B19C55A09000AA930 /* Build configuration list for PBXProject "Dropbox Log-in Flow" */;
			compatibilityVersion = "Xcode 3.2";
			developmentRegion = English;
			hasScannedForEncodings = 0;
			knownRegions = (
				en,
				Base,
			);
			mainGroup = 024E336719C55A09000AA930;
			productRefGroup = 024E337119C55A09000AA930 /* Products */;
			projectDirPath = "";
			projectRoot = "";
			targets = (
				024E336F19C55A09000AA930 /* Dropbox Log-in Flow */,
				024E338419C55A0A000AA930 /* Dropbox Log-in FlowTests */,
			);
		};
/* End PBXProject section */

/* Begin PBXResourcesBuildPhase section */
		024E336E19C55A09000AA930 /* Resources */ = {
			isa = PBXResourcesBuildPhase;
			buildActionMask = 2147483647;
			files = (
				02A1EB1719C7CBF90030CACD /* Images.xcassets in Resources */,
				024E337B19C55A09000AA930 /* Main.storyboard in Resources */,
				024E338019C55A09000AA930 /* LaunchScreen.xib in Resources */,
			);
			runOnlyForDeploymentPostprocessing = 0;
		};
		024E338319C55A0A000AA930 /* Resources */ = {
			isa = PBXResourcesBuildPhase;
			buildActionMask = 2147483647;
			files = (
			);
			runOnlyForDeploymentPostprocessing = 0;
		};
/* End PBXResourcesBuildPhase section */

/* Begin PBXSourcesBuildPhase section */
		024E336C19C55A09000AA930 /* Sources */ = {
			isa = PBXSourcesBuildPhase;
			buildActionMask = 2147483647;
			files = (
				024E339A19C57996000AA930 /* SignUpCTAViewController.swift in Sources */,
				024E337819C55A09000AA930 /* ViewController.swift in Sources */,
				024E337619C55A09000AA930 /* AppDelegate.swift in Sources */,
				024C976519C7D8FA00FDE286 /* SignIn-2ViewController.swift in Sources */,
				024E339619C55EA3000AA930 /* Intro2ViewController.swift in Sources */,
				023A0DD819C6C0C800A8C553 /* PhotosExistingViewController.swift in Sources */,
				024E339819C55EDF000AA930 /* Intro3ViewController.swift in Sources */,
				024C976719C7D94500FDE286 /* SignIn-3ViewController.swift in Sources */,
				024C976319C7D75C00FDE286 /* SignIn-1ViewController.swift in Sources */,
				028F2DD719C68BA200962860 /* TermsViewController.swift in Sources */,
				023A0DD019C6B08900A8C553 /* SettingsViewController.swift in Sources */,
			);
			runOnlyForDeploymentPostprocessing = 0;
		};
		024E338119C55A0A000AA930 /* Sources */ = {
			isa = PBXSourcesBuildPhase;
			buildActionMask = 2147483647;
			files = (
				024E338C19C55A0A000AA930 /* Dropbox_Log_in_FlowTests.swift in Sources */,
			);
			runOnlyForDeploymentPostprocessing = 0;
		};
/* End PBXSourcesBuildPhase section */

/* Begin PBXTargetDependency section */
		024E338719C55A0A000AA930 /* PBXTargetDependency */ = {
			isa = PBXTargetDependency;
			target = 024E336F19C55A09000AA930 /* Dropbox Log-in Flow */;
			targetProxy = 024E338619C55A0A000AA930 /* PBXContainerItemProxy */;
		};
/* End PBXTargetDependency section */

/* Begin PBXVariantGroup section */
		024E337919C55A09000AA930 /* Main.storyboard */ = {
			isa = PBXVariantGroup;
			children = (
				024E337A19C55A09000AA930 /* Base */,
			);
			name = Main.storyboard;
			sourceTree = "<group>";
		};
		024E337E19C55A09000AA930 /* LaunchScreen.xib */ = {
			isa = PBXVariantGroup;
			children = (
				024E337F19C55A09000AA930 /* Base */,
			);
			name = LaunchScreen.xib;
			sourceTree = "<group>";
		};
/* End PBXVariantGroup section */

/* Begin XCBuildConfiguration section */
		024E338D19C55A0A000AA930 /* Debug */ = {
			isa = XCBuildConfiguration;
			buildSettings = {
				ALWAYS_SEARCH_USER_PATHS = NO;
				CLANG_CXX_LANGUAGE_STANDARD = "gnu++0x";
				CLANG_CXX_LIBRARY = "libc++";
				CLANG_ENABLE_MODULES = YES;
				CLANG_ENABLE_OBJC_ARC = YES;
				CLANG_WARN_BOOL_CONVERSION = YES;
				CLANG_WARN_CONSTANT_CONVERSION = YES;
				CLANG_WARN_DIRECT_OBJC_ISA_USAGE = YES_ERROR;
				CLANG_WARN_EMPTY_BODY = YES;
				CLANG_WARN_ENUM_CONVERSION = YES;
				CLANG_WARN_INT_CONVERSION = YES;
				CLANG_WARN_OBJC_ROOT_CLASS = YES_ERROR;
				CLANG_WARN_UNREACHABLE_CODE = YES;
				CLANG_WARN__DUPLICATE_METHOD_MATCH = YES;
				"CODE_SIGN_IDENTITY[sdk=iphoneos*]" = "iPhone Developer";
				COPY_PHASE_STRIP = NO;
				ENABLE_STRICT_OBJC_MSGSEND = YES;
				GCC_C_LANGUAGE_STANDARD = gnu99;
				GCC_DYNAMIC_NO_PIC = NO;
				GCC_OPTIMIZATION_LEVEL = 0;
				GCC_PREPROCESSOR_DEFINITIONS = (
					"DEBUG=1",
					"$(inherited)",
				);
				GCC_SYMBOLS_PRIVATE_EXTERN = NO;
				GCC_WARN_64_TO_32_BIT_CONVERSION = YES;
				GCC_WARN_ABOUT_RETURN_TYPE = YES_ERROR;
				GCC_WARN_UNDECLARED_SELECTOR = YES;
				GCC_WARN_UNINITIALIZED_AUTOS = YES_AGGRESSIVE;
				GCC_WARN_UNUSED_FUNCTION = YES;
				GCC_WARN_UNUSED_VARIABLE = YES;
				IPHONEOS_DEPLOYMENT_TARGET = 8.0;
				MTL_ENABLE_DEBUG_INFO = YES;
				ONLY_ACTIVE_ARCH = YES;
				SDKROOT = iphoneos;
				SWIFT_OPTIMIZATION_LEVEL = "-Onone";
			};
			name = Debug;
		};
		024E338E19C55A0A000AA930 /* Release */ = {
			isa = XCBuildConfiguration;
			buildSettings = {
				ALWAYS_SEARCH_USER_PATHS = NO;
				CLANG_CXX_LANGUAGE_STANDARD = "gnu++0x";
				CLANG_CXX_LIBRARY = "libc++";
				CLANG_ENABLE_MODULES = YES;
				CLANG_ENABLE_OBJC_ARC = YES;
				CLANG_WARN_BOOL_CONVERSION = YES;
				CLANG_WARN_CONSTANT_CONVERSION = YES;
				CLANG_WARN_DIRECT_OBJC_ISA_USAGE = YES_ERROR;
				CLANG_WARN_EMPTY_BODY = YES;
				CLANG_WARN_ENUM_CONVERSION = YES;
				CLANG_WARN_INT_CONVERSION = YES;
				CLANG_WARN_OBJC_ROOT_CLASS = YES_ERROR;
				CLANG_WARN_UNREACHABLE_CODE = YES;
				CLANG_WARN__DUPLICATE_METHOD_MATCH = YES;
				"CODE_SIGN_IDENTITY[sdk=iphoneos*]" = "iPhone Developer";
				COPY_PHASE_STRIP = YES;
				ENABLE_NS_ASSERTIONS = NO;
				ENABLE_STRICT_OBJC_MSGSEND = YES;
				GCC_C_LANGUAGE_STANDARD = gnu99;
				GCC_WARN_64_TO_32_BIT_CONVERSION = YES;
				GCC_WARN_ABOUT_RETURN_TYPE = YES_ERROR;
				GCC_WARN_UNDECLARED_SELECTOR = YES;
				GCC_WARN_UNINITIALIZED_AUTOS = YES_AGGRESSIVE;
				GCC_WARN_UNUSED_FUNCTION = YES;
				GCC_WARN_UNUSED_VARIABLE = YES;
				IPHONEOS_DEPLOYMENT_TARGET = 8.0;
				MTL_ENABLE_DEBUG_INFO = NO;
				SDKROOT = iphoneos;
				VALIDATE_PRODUCT = YES;
			};
			name = Release;
		};
		024E339019C55A0A000AA930 /* Debug */ = {
			isa = XCBuildConfiguration;
			buildSettings = {
				ASSETCATALOG_COMPILER_APPICON_NAME = AppIcon;
				INFOPLIST_FILE = "Dropbox Log-in Flow/Info.plist";
				IPHONEOS_DEPLOYMENT_TARGET = 7.1;
				LD_RUNPATH_SEARCH_PATHS = "$(inherited) @executable_path/Frameworks";
				PRODUCT_NAME = "$(TARGET_NAME)";
			};
			name = Debug;
		};
		024E339119C55A0A000AA930 /* Release */ = {
			isa = XCBuildConfiguration;
			buildSettings = {
				ASSETCATALOG_COMPILER_APPICON_NAME = AppIcon;
				INFOPLIST_FILE = "Dropbox Log-in Flow/Info.plist";
				IPHONEOS_DEPLOYMENT_TARGET = 7.1;
				LD_RUNPATH_SEARCH_PATHS = "$(inherited) @executable_path/Frameworks";
				PRODUCT_NAME = "$(TARGET_NAME)";
			};
			name = Release;
		};
		024E339319C55A0A000AA930 /* Debug */ = {
			isa = XCBuildConfiguration;
			buildSettings = {
				BUNDLE_LOADER = "$(TEST_HOST)";
				FRAMEWORK_SEARCH_PATHS = (
					"$(SDKROOT)/Developer/Library/Frameworks",
					"$(inherited)",
				);
				GCC_PREPROCESSOR_DEFINITIONS = (
					"DEBUG=1",
					"$(inherited)",
				);
				INFOPLIST_FILE = "Dropbox Log-in FlowTests/Info.plist";
				LD_RUNPATH_SEARCH_PATHS = "$(inherited) @executable_path/Frameworks @loader_path/Frameworks";
				PRODUCT_NAME = "$(TARGET_NAME)";
				TEST_HOST = "$(BUILT_PRODUCTS_DIR)/Dropbox Log-in Flow.app/Dropbox Log-in Flow";
			};
			name = Debug;
		};
		024E339419C55A0A000AA930 /* Release */ = {
			isa = XCBuildConfiguration;
			buildSettings = {
				BUNDLE_LOADER = "$(TEST_HOST)";
				FRAMEWORK_SEARCH_PATHS = (
					"$(SDKROOT)/Developer/Library/Frameworks",
					"$(inherited)",
				);
				INFOPLIST_FILE = "Dropbox Log-in FlowTests/Info.plist";
				LD_RUNPATH_SEARCH_PATHS = "$(inherited) @executable_path/Frameworks @loader_path/Frameworks";
				PRODUCT_NAME = "$(TARGET_NAME)";
				TEST_HOST = "$(BUILT_PRODUCTS_DIR)/Dropbox Log-in Flow.app/Dropbox Log-in Flow";
			};
			name = Release;
		};
/* End XCBuildConfiguration section */

/* Begin XCConfigurationList section */
		024E336B19C55A09000AA930 /* Build configuration list for PBXProject "Dropbox Log-in Flow" */ = {
			isa = XCConfigurationList;
			buildConfigurations = (
				024E338D19C55A0A000AA930 /* Debug */,
				024E338E19C55A0A000AA930 /* Release */,
			);
			defaultConfigurationIsVisible = 0;
			defaultConfigurationName = Release;
		};
		024E338F19C55A0A000AA930 /* Build configuration list for PBXNativeTarget "Dropbox Log-in Flow" */ = {
			isa = XCConfigurationList;
			buildConfigurations = (
				024E339019C55A0A000AA930 /* Debug */,
				024E339119C55A0A000AA930 /* Release */,
			);
			defaultConfigurationIsVisible = 0;
			defaultConfigurationName = Release;
		};
		024E339219C55A0A000AA930 /* Build configuration list for PBXNativeTarget "Dropbox Log-in FlowTests" */ = {
			isa = XCConfigurationList;
			buildConfigurations = (
				024E339319C55A0A000AA930 /* Debug */,
				024E339419C55A0A000AA930 /* Release */,
			);
			defaultConfigurationIsVisible = 0;
			defaultConfigurationName = Release;
		};
/* End XCConfigurationList section */
	};
	rootObject = 024E336819C55A09000AA930 /* Project object */;
}
